
Microsoft Visual Studio Solution File, Format Version 12.00
# Visual Studio Version 17
VisualStudioVersion = 17.9.34902.65
MinimumVisualStudioVersion = 10.0.40219.1
Project("{FAE04EC0-301F-11D3-BF4B-00C04F79EFBC}") = "MillenniumJobTask", "MillenniumJobTask\MillenniumJobTask.csproj", "{D1782680-7971-400C-AF03-C7F964FE6938}"
EndProject
Project("{FAE04EC0-301F-11D3-BF4B-00C04F79EFBC}") = "MillenniumJobTask.Logic", "MillenniumJobTask.Logic\MillenniumJobTask.Logic.csproj", "{FC1FD470-A7D9-48D8-A4E0-9867A5257164}"
EndProject
Project("{FAE04EC0-301F-11D3-BF4B-00C04F79EFBC}") = "MillenniumJobTask.Test", "MillenniumJobTask.Test\MillenniumJobTask.Test.csproj", "{4903539F-F90E-4ACD-B1B9-A651B1544F73}"
EndProject
Global
	GlobalSection(SolutionConfigurationPlatforms) = preSolution
		Debug|Any CPU = Debug|Any CPU
		Release|Any CPU = Release|Any CPU
	EndGlobalSection
	GlobalSection(ProjectConfigurationPlatforms) = postSolution
		{D1782680-7971-400C-AF03-C7F964FE6938}.Debug|Any CPU.ActiveCfg = Debug|Any CPU
		{D1782680-7971-400C-AF03-C7F964FE6938}.Debug|Any CPU.Build.0 = Debug|Any CPU
		{D1782680-7971-400C-AF03-C7F964FE6938}.Release|Any CPU.ActiveCfg = Release|Any CPU
		{D1782680-7971-400C-AF03-C7F964FE6938}.Release|Any CPU.Build.0 = Release|Any CPU
		{FC1FD470-A7D9-48D8-A4E0-9867A5257164}.Debug|Any CPU.ActiveCfg = Debug|Any CPU
		{FC1FD470-A7D9-48D8-A4E0-9867A5257164}.Debug|Any CPU.Build.0 = Debug|Any CPU
		{FC1FD470-A7D9-48D8-A4E0-9867A5257164}.Release|Any CPU.ActiveCfg = Release|Any CPU
		{FC1FD470-A7D9-48D8-A4E0-9867A5257164}.Release|Any CPU.Build.0 = Release|Any CPU
		{4903539F-F90E-4ACD-B1B9-A651B1544F73}.Debug|Any CPU.ActiveCfg = Debug|Any CPU
		{4903539F-F90E-4ACD-B1B9-A651B1544F73}.Debug|Any CPU.Build.0 = Debug|Any CPU
		{4903539F-F90E-4ACD-B1B9-A651B1544F73}.Release|Any CPU.ActiveCfg = Release|Any CPU
		{4903539F-F90E-4ACD-B1B9-A651B1544F73}.Release|Any CPU.Build.0 = Release|Any CPU
	EndGlobalSection
	GlobalSection(SolutionProperties) = preSolution
		HideSolutionNode = FALSE
	EndGlobalSection
	GlobalSection(ExtensibilityGlobals) = postSolution
		SolutionGuid = {909E9156-36A7-4D1B-84C2-C7F186191FA3}
	EndGlobalSection
EndGlobal
